PODS:
  - Charts (3.5.0):
    - Charts/Core (= 3.5.0)
  - Charts/Core (3.5.0)
  - SideMenu (6.4.9)
  - SQLite.swift (0.12.2):
    - SQLite.swift/standard (= 0.12.2)
  - SQLite.swift/standard (0.12.2)

DEPENDENCIES:
  - Charts
  - SideMenu
  - SQLite.swift

SPEC REPOS:
  trunk:
    - Charts
    - SideMenu
    - SQLite.swift

SPEC CHECKSUMS:
  Charts: 40a08591df1f8ad5c223ddedfb1a06da92f24f7c
  SideMenu: 8ef57a3cfc024a2d3fc1c036c7fe98537baec9e0
  SQLite.swift: d2b4642190917051ce6bd1d49aab565fe794eea3

PODFILE CHECKSUM: ff4502c7313c9c3d8b8a7d20e8900fbc7fd7fd63

COCOAPODS: 1.8.4
